
Microsoft Visual Studio Solution File, Format Version 12.00
# Visual Studio Version 17
VisualStudioVersion = 17.7.34024.191
MinimumVisualStudioVersion = 10.0.40219.1
Project("{FAE04EC0-301F-11D3-BF4B-00C04F79EFBC}") = "LABORATORIO5_EJERCICIO2", "LABORATORIO5_EJERCICIO2\LABORATORIO5_EJERCICIO2.csproj", "{CCBBFCAD-4230-4F72-9581-DF59ED7A7C86}"
EndProject
Global
	GlobalSection(SolutionConfigurationPlatforms) = preSolution
		Debug|Any CPU = Debug|Any CPU
		Release|Any CPU = Release|Any CPU
	EndGlobalSection
	GlobalSection(ProjectConfigurationPlatforms) = postSolution
		{CCBBFCAD-4230-4F72-9581-DF59ED7A7C86}.Debug|Any CPU.ActiveCfg = Debug|Any CPU
		{CCBBFCAD-4230-4F72-9581-DF59ED7A7C86}.Debug|Any CPU.Build.0 = Debug|Any CPU
		{CCBBFCAD-4230-4F72-9581-DF59ED7A7C86}.Release|Any CPU.ActiveCfg = Release|Any CPU
		{CCBBFCAD-4230-4F72-9581-DF59ED7A7C86}.Release|Any CPU.Build.0 = Release|Any CPU
	EndGlobalSection
	GlobalSection(SolutionProperties) = preSolution
		HideSolutionNode = FALSE
	EndGlobalSection
	GlobalSection(ExtensibilityGlobals) = postSolution
		SolutionGuid = {4A16440B-1127-4624-BD23-901787D681D9}
	EndGlobalSection
EndGlobal
